
Microsoft Visual Studio Solution File, Format Version 12.00
# Visual Studio Version 17
VisualStudioVersion = 17.5.33530.505
MinimumVisualStudioVersion = 10.0.40219.1
Project("{8BC9CEB8-8B4A-11D0-8D11-00A0C91BC942}") = "GameEngineBase", "GameEngineBase\GameEngineBase.vcxproj", "{43E95582-82FC-46C5-A7CA-7D887CD0432B}"
EndProject
Project("{2150E333-8FDC-42A3-9474-1A3956D46DE8}") = "Level0", "Level0", "{E8F8F7D3-3136-4314-85C0-D19710B42EC3}"
EndProject
Project("{2150E333-8FDC-42A3-9474-1A3956D46DE8}") = "Level1", "Level1", "{0EEA1968-0DF6-41CD-8DBF-4ADC74975CA0}"
EndProject
Project("{2150E333-8FDC-42A3-9474-1A3956D46DE8}") = "Level2", "Level2", "{BF18758D-7643-4802-B5E2-138DBE1059B0}"
EndProject
Project("{2150E333-8FDC-42A3-9474-1A3956D46DE8}") = "Level3", "Level3", "{6DF06361-6208-461B-8A46-87973512323C}"
EndProject
Project("{2150E333-8FDC-42A3-9474-1A3956D46DE8}") = "Level4", "Level4", "{EABB15AE-E90B-400D-AC17-C2E55D4496A9}"
EndProject
Project("{8BC9CEB8-8B4A-11D0-8D11-00A0C91BC942}") = "GameEnginePlatform", "GameEnginePlatform\GameEnginePlatform.vcxproj", "{4FF0838E-5B45-4AE8-9A92-D6AF53C71793}"
EndProject
Project("{2150E333-8FDC-42A3-9474-1A3956D46DE8}") = "Doc", "Doc", "{D77111B3-7D10-451E-8498-F349009ED29E}"
	ProjectSection(SolutionItems) = preProject
		프로젝트 구성.txt = 프로젝트 구성.txt
	EndProjectSection
EndProject
Project("{8BC9CEB8-8B4A-11D0-8D11-00A0C91BC942}") = "GameEngineCore", "GameEngineCore\GameEngineCore.vcxproj", "{95FCB809-C139-476F-A67C-F1397F2D1FD1}"
EndProject
Project("{8BC9CEB8-8B4A-11D0-8D11-00A0C91BC942}") = "StardewValley", "StardewValley\StardewValley.vcxproj", "{E62F803D-3708-41DA-9FD6-D43A53CD88D7}"
EndProject
Global
	GlobalSection(SolutionConfigurationPlatforms) = preSolution
		Debug|x64 = Debug|x64
		Debug|x86 = Debug|x86
		Release|x64 = Release|x64
		Release|x86 = Release|x86
	EndGlobalSection
	GlobalSection(ProjectConfigurationPlatforms) = postSolution
		{43E95582-82FC-46C5-A7CA-7D887CD0432B}.Debug|x64.ActiveCfg = Debug|x64
		{43E95582-82FC-46C5-A7CA-7D887CD0432B}.Debug|x64.Build.0 = Debug|x64
		{43E95582-82FC-46C5-A7CA-7D887CD0432B}.Debug|x86.ActiveCfg = Debug|Win32
		{43E95582-82FC-46C5-A7CA-7D887CD0432B}.Debug|x86.Build.0 = Debug|Win32
		{43E95582-82FC-46C5-A7CA-7D887CD0432B}.Release|x64.ActiveCfg = Release|x64
		{43E95582-82FC-46C5-A7CA-7D887CD0432B}.Release|x64.Build.0 = Release|x64
		{43E95582-82FC-46C5-A7CA-7D887CD0432B}.Release|x86.ActiveCfg = Release|Win32
		{43E95582-82FC-46C5-A7CA-7D887CD0432B}.Release|x86.Build.0 = Release|Win32
		{4FF0838E-5B45-4AE8-9A92-D6AF53C71793}.Debug|x64.ActiveCfg = Debug|x64
		{4FF0838E-5B45-4AE8-9A92-D6AF53C71793}.Debug|x64.Build.0 = Debug|x64
		{4FF0838E-5B45-4AE8-9A92-D6AF53C71793}.Debug|x86.ActiveCfg = Debug|Win32
		{4FF0838E-5B45-4AE8-9A92-D6AF53C71793}.Debug|x86.Build.0 = Debug|Win32
		{4FF0838E-5B45-4AE8-9A92-D6AF53C71793}.Release|x64.ActiveCfg = Release|x64
		{4FF0838E-5B45-4AE8-9A92-D6AF53C71793}.Release|x64.Build.0 = Release|x64
		{4FF0838E-5B45-4AE8-9A92-D6AF53C71793}.Release|x86.ActiveCfg = Release|Win32
		{4FF0838E-5B45-4AE8-9A92-D6AF53C71793}.Release|x86.Build.0 = Release|Win32
		{95FCB809-C139-476F-A67C-F1397F2D1FD1}.Debug|x64.ActiveCfg = Debug|x64
		{95FCB809-C139-476F-A67C-F1397F2D1FD1}.Debug|x64.Build.0 = Debug|x64
		{95FCB809-C139-476F-A67C-F1397F2D1FD1}.Debug|x86.ActiveCfg = Debug|Win32
		{95FCB809-C139-476F-A67C-F1397F2D1FD1}.Debug|x86.Build.0 = Debug|Win32
		{95FCB809-C139-476F-A67C-F1397F2D1FD1}.Release|x64.ActiveCfg = Release|x64
		{95FCB809-C139-476F-A67C-F1397F2D1FD1}.Release|x64.Build.0 = Release|x64
		{95FCB809-C139-476F-A67C-F1397F2D1FD1}.Release|x86.ActiveCfg = Release|Win32
		{95FCB809-C139-476F-A67C-F1397F2D1FD1}.Release|x86.Build.0 = Release|Win32
		{E62F803D-3708-41DA-9FD6-D43A53CD88D7}.Debug|x64.ActiveCfg = Debug|x64
		{E62F803D-3708-41DA-9FD6-D43A53CD88D7}.Debug|x64.Build.0 = Debug|x64
		{E62F803D-3708-41DA-9FD6-D43A53CD88D7}.Debug|x86.ActiveCfg = Debug|Win32
		{E62F803D-3708-41DA-9FD6-D43A53CD88D7}.Debug|x86.Build.0 = Debug|Win32
		{E62F803D-3708-41DA-9FD6-D43A53CD88D7}.Release|x64.ActiveCfg = Release|x64
		{E62F803D-3708-41DA-9FD6-D43A53CD88D7}.Release|x64.Build.0 = Release|x64
		{E62F803D-3708-41DA-9FD6-D43A53CD88D7}.Release|x86.ActiveCfg = Release|Win32
		{E62F803D-3708-41DA-9FD6-D43A53CD88D7}.Release|x86.Build.0 = Release|Win32
	EndGlobalSection
	GlobalSection(SolutionProperties) = preSolution
		HideSolutionNode = FALSE
	EndGlobalSection
	GlobalSection(NestedProjects) = preSolution
		{43E95582-82FC-46C5-A7CA-7D887CD0432B} = {E8F8F7D3-3136-4314-85C0-D19710B42EC3}
		{4FF0838E-5B45-4AE8-9A92-D6AF53C71793} = {0EEA1968-0DF6-41CD-8DBF-4ADC74975CA0}
		{95FCB809-C139-476F-A67C-F1397F2D1FD1} = {BF18758D-7643-4802-B5E2-138DBE1059B0}
		{E62F803D-3708-41DA-9FD6-D43A53CD88D7} = {EABB15AE-E90B-400D-AC17-C2E55D4496A9}
	EndGlobalSection
	GlobalSection(ExtensibilityGlobals) = postSolution
		SolutionGuid = {2C9FAEBE-8558-4EDC-94E6-18BFB8B71832}
	EndGlobalSection
EndGlobal
